// !$*UTF8*$!
{
	archiveVersion = 1;
	classes = {
	};
	objectVersion = 56;
	objects = {

/* Begin PBXBuildFile section */
		4D062FA02D34033100051229 /* union_mobileApp.swift in Sources */ = {isa = PBXBuildFile; fileRef = 4D062F9F2D34033100051229 /* union_mobileApp.swift */; };
		4D062FA22D34033100051229 /* MainView.swift in Sources */ = {isa = PBXBuildFile; fileRef = 4D062FA12D34033100051229 /* MainView.swift */; };
		4D062FA42D34033300051229 /* Assets.xcassets in Resources */ = {isa = PBXBuildFile; fileRef = 4D062FA32D34033300051229 /* Assets.xcassets */; };
		4D062FA72D34033300051229 /* Preview Assets.xcassets in Resources */ = {isa = PBXBuildFile; fileRef = 4D062FA62D34033300051229 /* Preview Assets.xcassets */; };
		4D062FB12D34033300051229 /* union_mobileTests.swift in Sources */ = {isa = PBXBuildFile; fileRef = 4D062FB02D34033300051229 /* union_mobileTests.swift */; };
		4D062FBB2D34033300051229 /* union_mobileUITests.swift in Sources */ = {isa = PBXBuildFile; fileRef = 4D062FBA2D34033300051229 /* union_mobileUITests.swift */; };
		4D062FBD2D34033300051229 /* union_mobileUITestsLaunchTests.swift in Sources */ = {isa = PBXBuildFile; fileRef = 4D062FBC2D34033300051229 /* union_mobileUITestsLaunchTests.swift */; };
		4D062FCA2D3407FF00051229 /* Color.swift in Sources */ = {isa = PBXBuildFile; fileRef = 4D062FC92D3407FF00051229 /* Color.swift */; };
		4D062FCC2D34125D00051229 /* Font.swift in Sources */ = {isa = PBXBuildFile; fileRef = 4D062FCB2D34125D00051229 /* Font.swift */; };
		4D062FCE2D3412EB00051229 /* DefaultView.swift in Sources */ = {isa = PBXBuildFile; fileRef = 4D062FCD2D3412EB00051229 /* DefaultView.swift */; };
		4D062FD02D34134800051229 /* Path.swift in Sources */ = {isa = PBXBuildFile; fileRef = 4D062FCF2D34134800051229 /* Path.swift */; };
		4D062FD22D34137500051229 /* Service.swift in Sources */ = {isa = PBXBuildFile; fileRef = 4D062FD12D34137500051229 /* Service.swift */; };
		4D062FDD2D350FCD00051229 /* VoteView.swift in Sources */ = {isa = PBXBuildFile; fileRef = 4D062FDC2D350FCD00051229 /* VoteView.swift */; };
		4D062FDF2D35171E00051229 /* EarthImageView.swift in Sources */ = {isa = PBXBuildFile; fileRef = 4D062FDE2D35171E00051229 /* EarthImageView.swift */; };
		4D062FE12D35176C00051229 /* QueenImageView.swift in Sources */ = {isa = PBXBuildFile; fileRef = 4D062FE02D35176C00051229 /* QueenImageView.swift */; };
		4D062FE32D35191300051229 /* CountDown.swift in Sources */ = {isa = PBXBuildFile; fileRef = 4D062FE22D35191300051229 /* CountDown.swift */; };
		4D062FE52D35193E00051229 /* VoteViewModel.swift in Sources */ = {isa = PBXBuildFile; fileRef = 4D062FE42D35193E00051229 /* VoteViewModel.swift */; };
		4D062FE72D351C9600051229 /* TimeCard.swift in Sources */ = {isa = PBXBuildFile; fileRef = 4D062FE62D351C9600051229 /* TimeCard.swift */; };
		4D41614A2D3526BB0055CF77 /* KantumruyPro-Italic-VariableFont_wght.ttf in Resources */ = {isa = PBXBuildFile; fileRef = 4D062FD52D341ADA00051229 /* KantumruyPro-Italic-VariableFont_wght.ttf */; };
		4D41614B2D3526BD0055CF77 /* KantumruyPro-VariableFont_wght.ttf in Resources */ = {isa = PBXBuildFile; fileRef = 4D062FD62D341ADA00051229 /* KantumruyPro-VariableFont_wght.ttf */; };
		4D41614D2D356BE80055CF77 /* CandidateCard.swift in Sources */ = {isa = PBXBuildFile; fileRef = 4D41614C2D356BE80055CF77 /* CandidateCard.swift */; };
		4D41614F2D356CC10055CF77 /* Candidate.swift in Sources */ = {isa = PBXBuildFile; fileRef = 4D41614E2D356CC10055CF77 /* Candidate.swift */; };
		4D4161522D3578AE0055CF77 /* Kingfisher in Frameworks */ = {isa = PBXBuildFile; productRef = 4D4161512D3578AE0055CF77 /* Kingfisher */; };
/* End PBXBuildFile section */

/* Begin PBXContainerItemProxy section */
		4D062FAD2D34033300051229 /* PBXContainerItemProxy */ = {
			isa = PBXContainerItemProxy;
			containerPortal = 4D062F942D34033100051229 /* Project object */;
			proxyType = 1;
			remoteGlobalIDString = 4D062F9B2D34033100051229;
			remoteInfo = union_mobile;
		};
		4D062FB72D34033300051229 /* PBXContainerItemProxy */ = {
			isa = PBXContainerItemProxy;
			containerPortal = 4D062F942D34033100051229 /* Project object */;
			proxyType = 1;
			remoteGlobalIDString = 4D062F9B2D34033100051229;
			remoteInfo = union_mobile;
		};
/* End PBXContainerItemProxy section */

/* Begin PBXFileReference section */
		4D062F9C2D34033100051229 /* union_mobile.app */ = {isa = PBXFileReference; explicitFileType = wrapper.application; includeInIndex = 0; path = union_mobile.app; sourceTree = BUILT_PRODUCTS_DIR; };
		4D062F9F2D34033100051229 /* union_mobileApp.swift */ = {isa = PBXFileReference; lastKnownFileType = sourcecode.swift; path = union_mobileApp.swift; sourceTree = "<group>"; };
		4D062FA12D34033100051229 /* MainView.swift */ = {isa = PBXFileReference; lastKnownFileType = sourcecode.swift; path = MainView.swift; sourceTree = "<group>"; };
		4D062FA32D34033300051229 /* Assets.xcassets */ = {isa = PBXFileReference; lastKnownFileType = folder.assetcatalog; path = Assets.xcassets; sourceTree = "<group>"; };
		4D062FA62D34033300051229 /* Preview Assets.xcassets */ = {isa = PBXFileReference; lastKnownFileType = folder.assetcatalog; path = "Preview Assets.xcassets"; sourceTree = "<group>"; };
		4D062FAC2D34033300051229 /* union_mobileTests.xctest */ = {isa = PBXFileReference; explicitFileType = wrapper.cfbundle; includeInIndex = 0; path = union_mobileTests.xctest; sourceTree = BUILT_PRODUCTS_DIR; };
		4D062FB02D34033300051229 /* union_mobileTests.swift */ = {isa = PBXFileReference; lastKnownFileType = sourcecode.swift; path = union_mobileTests.swift; sourceTree = "<group>"; };
		4D062FB62D34033300051229 /* union_mobileUITests.xctest */ = {isa = PBXFileReference; explicitFileType = wrapper.cfbundle; includeInIndex = 0; path = union_mobileUITests.xctest; sourceTree = BUILT_PRODUCTS_DIR; };
		4D062FBA2D34033300051229 /* union_mobileUITests.swift */ = {isa = PBXFileReference; lastKnownFileType = sourcecode.swift; path = union_mobileUITests.swift; sourceTree = "<group>"; };
		4D062FBC2D34033300051229 /* union_mobileUITestsLaunchTests.swift */ = {isa = PBXFileReference; lastKnownFileType = sourcecode.swift; path = union_mobileUITestsLaunchTests.swift; sourceTree = "<group>"; };
		4D062FC92D3407FF00051229 /* Color.swift */ = {isa = PBXFileReference; lastKnownFileType = sourcecode.swift; path = Color.swift; sourceTree = "<group>"; };
		4D062FCB2D34125D00051229 /* Font.swift */ = {isa = PBXFileReference; lastKnownFileType = sourcecode.swift; path = Font.swift; sourceTree = "<group>"; };
		4D062FCD2D3412EB00051229 /* DefaultView.swift */ = {isa = PBXFileReference; lastKnownFileType = sourcecode.swift; path = DefaultView.swift; sourceTree = "<group>"; };
		4D062FCF2D34134800051229 /* Path.swift */ = {isa = PBXFileReference; lastKnownFileType = sourcecode.swift; path = Path.swift; sourceTree = "<group>"; };
		4D062FD12D34137500051229 /* Service.swift */ = {isa = PBXFileReference; lastKnownFileType = sourcecode.swift; path = Service.swift; sourceTree = "<group>"; };
		4D062FD52D341ADA00051229 /* KantumruyPro-Italic-VariableFont_wght.ttf */ = {isa = PBXFileReference; lastKnownFileType = file; path = "KantumruyPro-Italic-VariableFont_wght.ttf"; sourceTree = "<group>"; };
		4D062FD62D341ADA00051229 /* KantumruyPro-VariableFont_wght.ttf */ = {isa = PBXFileReference; lastKnownFileType = file; path = "KantumruyPro-VariableFont_wght.ttf"; sourceTree = "<group>"; };
		4D062FD72D341C5900051229 /* union-mobile-Info.plist */ = {isa = PBXFileReference; lastKnownFileType = text.plist; path = "union-mobile-Info.plist"; sourceTree = SOURCE_ROOT; };
		4D062FDC2D350FCD00051229 /* VoteView.swift */ = {isa = PBXFileReference; lastKnownFileType = sourcecode.swift; path = VoteView.swift; sourceTree = "<group>"; };
		4D062FDE2D35171E00051229 /* EarthImageView.swift */ = {isa = PBXFileReference; lastKnownFileType = sourcecode.swift; path = EarthImageView.swift; sourceTree = "<group>"; };
		4D062FE02D35176C00051229 /* QueenImageView.swift */ = {isa = PBXFileReference; lastKnownFileType = sourcecode.swift; path = QueenImageView.swift; sourceTree = "<group>"; };
		4D062FE22D35191300051229 /* CountDown.swift */ = {isa = PBXFileReference; lastKnownFileType = sourcecode.swift; path = CountDown.swift; sourceTree = "<group>"; };
		4D062FE42D35193E00051229 /* VoteViewModel.swift */ = {isa = PBXFileReference; lastKnownFileType = sourcecode.swift; path = VoteViewModel.swift; sourceTree = "<group>"; };
		4D062FE62D351C9600051229 /* TimeCard.swift */ = {isa = PBXFileReference; lastKnownFileType = sourcecode.swift; path = TimeCard.swift; sourceTree = "<group>"; };
		4D41614C2D356BE80055CF77 /* CandidateCard.swift */ = {isa = PBXFileReference; lastKnownFileType = sourcecode.swift; path = CandidateCard.swift; sourceTree = "<group>"; };
		4D41614E2D356CC10055CF77 /* Candidate.swift */ = {isa = PBXFileReference; lastKnownFileType = sourcecode.swift; path = Candidate.swift; sourceTree = "<group>"; };
/* End PBXFileReference section */

/* Begin PBXFrameworksBuildPhase section */
		4D062F992D34033100051229 /* Frameworks */ = {
			isa = PBXFrameworksBuildPhase;
			buildActionMask = 2147483647;
			files = (
				4D4161522D3578AE0055CF77 /* Kingfisher in Frameworks */,
			);
			runOnlyForDeploymentPostprocessing = 0;
		};
		4D062FA92D34033300051229 /* Frameworks */ = {
			isa = PBXFrameworksBuildPhase;
			buildActionMask = 2147483647;
			files = (
			);
			runOnlyForDeploymentPostprocessing = 0;
		};
		4D062FB32D34033300051229 /* Frameworks */ = {
			isa = PBXFrameworksBuildPhase;
			buildActionMask = 2147483647;
			files = (
			);
			runOnlyForDeploymentPostprocessing = 0;
		};
/* End PBXFrameworksBuildPhase section */

/* Begin PBXGroup section */
		4D062F932D34033100051229 = {
			isa = PBXGroup;
			children = (
				4D062F9E2D34033100051229 /* union_mobile */,
				4D062FAF2D34033300051229 /* union_mobileTests */,
				4D062FB92D34033300051229 /* union_mobileUITests */,
				4D062F9D2D34033100051229 /* Products */,
			);
			sourceTree = "<group>";
		};
		4D062F9D2D34033100051229 /* Products */ = {
			isa = PBXGroup;
			children = (
				4D062F9C2D34033100051229 /* union_mobile.app */,
				4D062FAC2D34033300051229 /* union_mobileTests.xctest */,
				4D062FB62D34033300051229 /* union_mobileUITests.xctest */,
			);
			name = Products;
			sourceTree = "<group>";
		};
		4D062F9E2D34033100051229 /* union_mobile */ = {
			isa = PBXGroup;
			children = (
				4D062FE82D351DFF00051229 /* Design System */,
				4D062FD72D341C5900051229 /* union-mobile-Info.plist */,
				4D062FDE2D35171E00051229 /* EarthImageView.swift */,
				4D062FE02D35176C00051229 /* QueenImageView.swift */,
				4D062FD32D341AB600051229 /* Resources */,
				4D062F9F2D34033100051229 /* union_mobileApp.swift */,
				4D062FCD2D3412EB00051229 /* DefaultView.swift */,
				4D062FD12D34137500051229 /* Service.swift */,
				4D062FCF2D34134800051229 /* Path.swift */,
				4D062FA12D34033100051229 /* MainView.swift */,
				4D062FDC2D350FCD00051229 /* VoteView.swift */,
				4D41614C2D356BE80055CF77 /* CandidateCard.swift */,
				4D062FE22D35191300051229 /* CountDown.swift */,
				4D41614E2D356CC10055CF77 /* Candidate.swift */,
				4D062FE42D35193E00051229 /* VoteViewModel.swift */,
				4D062FE62D351C9600051229 /* TimeCard.swift */,
				4D062FA32D34033300051229 /* Assets.xcassets */,
				4D062FA52D34033300051229 /* Preview Content */,
			);
			path = union_mobile;
			sourceTree = "<group>";
		};
		4D062FA52D34033300051229 /* Preview Content */ = {
			isa = PBXGroup;
			children = (
				4D062FA62D34033300051229 /* Preview Assets.xcassets */,
			);
			path = "Preview Content";
			sourceTree = "<group>";
		};
		4D062FAF2D34033300051229 /* union_mobileTests */ = {
			isa = PBXGroup;
			children = (
				4D062FB02D34033300051229 /* union_mobileTests.swift */,
			);
			path = union_mobileTests;
			sourceTree = "<group>";
		};
		4D062FB92D34033300051229 /* union_mobileUITests */ = {
			isa = PBXGroup;
			children = (
				4D062FBA2D34033300051229 /* union_mobileUITests.swift */,
				4D062FBC2D34033300051229 /* union_mobileUITestsLaunchTests.swift */,
			);
			path = union_mobileUITests;
			sourceTree = "<group>";
		};
		4D062FD32D341AB600051229 /* Resources */ = {
			isa = PBXGroup;
			children = (
				4D062FD42D341ACE00051229 /* Fonts */,
			);
			path = Resources;
			sourceTree = "<group>";
		};
		4D062FD42D341ACE00051229 /* Fonts */ = {
			isa = PBXGroup;
			children = (
				4D062FD52D341ADA00051229 /* KantumruyPro-Italic-VariableFont_wght.ttf */,
				4D062FD62D341ADA00051229 /* KantumruyPro-VariableFont_wght.ttf */,
			);
			path = Fonts;
			sourceTree = "<group>";
		};
		4D062FE82D351DFF00051229 /* Design System */ = {
			isa = PBXGroup;
			children = (
				4D062FCB2D34125D00051229 /* Font.swift */,
				4D062FC92D3407FF00051229 /* Color.swift */,
			);
			path = "Design System";
			sourceTree = "<group>";
		};
/* End PBXGroup section */

/* Begin PBXNativeTarget section */
		4D062F9B2D34033100051229 /* union_mobile */ = {
			isa = PBXNativeTarget;
			buildConfigurationList = 4D062FC02D34033300051229 /* Build configuration list for PBXNativeTarget "union_mobile" */;
			buildPhases = (
				4D062F982D34033100051229 /* Sources */,
				4D062F992D34033100051229 /* Frameworks */,
				4D062F9A2D34033100051229 /* Resources */,
			);
			buildRules = (
			);
			dependencies = (
			);
			name = union_mobile;
			packageProductDependencies = (
				4D4161512D3578AE0055CF77 /* Kingfisher */,
			);
			productName = union_mobile;
			productReference = 4D062F9C2D34033100051229 /* union_mobile.app */;
			productType = "com.apple.product-type.application";
		};
		4D062FAB2D34033300051229 /* union_mobileTests */ = {
			isa = PBXNativeTarget;
			buildConfigurationList = 4D062FC32D34033300051229 /* Build configuration list for PBXNativeTarget "union_mobileTests" */;
			buildPhases = (
				4D062FA82D34033300051229 /* Sources */,
				4D062FA92D34033300051229 /* Frameworks */,
				4D062FAA2D34033300051229 /* Resources */,
			);
			buildRules = (
			);
			dependencies = (
				4D062FAE2D34033300051229 /* PBXTargetDependency */,
			);
			name = union_mobileTests;
			productName = union_mobileTests;
			productReference = 4D062FAC2D34033300051229 /* union_mobileTests.xctest */;
			productType = "com.apple.product-type.bundle.unit-test";
		};
		4D062FB52D34033300051229 /* union_mobileUITests */ = {
			isa = PBXNativeTarget;
			buildConfigurationList = 4D062FC62D34033300051229 /* Build configuration list for PBXNativeTarget "union_mobileUITests" */;
			buildPhases = (
				4D062FB22D34033300051229 /* Sources */,
				4D062FB32D34033300051229 /* Frameworks */,
				4D062FB42D34033300051229 /* Resources */,
			);
			buildRules = (
			);
			dependencies = (
				4D062FB82D34033300051229 /* PBXTargetDependency */,
			);
			name = union_mobileUITests;
			productName = union_mobileUITests;
			productReference = 4D062FB62D34033300051229 /* union_mobileUITests.xctest */;
			productType = "com.apple.product-type.bundle.ui-testing";
		};
/* End PBXNativeTarget section */

/* Begin PBXProject section */
		4D062F942D34033100051229 /* Project object */ = {
			isa = PBXProject;
			attributes = {
				BuildIndependentTargetsInParallel = 1;
				LastSwiftUpdateCheck = 1520;
				LastUpgradeCheck = 1520;
				TargetAttributes = {
					4D062F9B2D34033100051229 = {
						CreatedOnToolsVersion = 15.2;
					};
					4D062FAB2D34033300051229 = {
						CreatedOnToolsVersion = 15.2;
						TestTargetID = 4D062F9B2D34033100051229;
					};
					4D062FB52D34033300051229 = {
						CreatedOnToolsVersion = 15.2;
						TestTargetID = 4D062F9B2D34033100051229;
					};
				};
			};
			buildConfigurationList = 4D062F972D34033100051229 /* Build configuration list for PBXProject "union_mobile" */;
			compatibilityVersion = "Xcode 14.0";
			developmentRegion = en;
			hasScannedForEncodings = 0;
			knownRegions = (
				en,
				Base,
			);
			mainGroup = 4D062F932D34033100051229;
			packageReferences = (
				4D4161502D3578AE0055CF77 /* XCRemoteSwiftPackageReference "Kingfisher" */,
			);
			productRefGroup = 4D062F9D2D34033100051229 /* Products */;
			projectDirPath = "";
			projectRoot = "";
			targets = (
				4D062F9B2D34033100051229 /* union_mobile */,
				4D062FAB2D34033300051229 /* union_mobileTests */,
				4D062FB52D34033300051229 /* union_mobileUITests */,
			);
		};
/* End PBXProject section */

/* Begin PBXResourcesBuildPhase section */
		4D062F9A2D34033100051229 /* Resources */ = {
			isa = PBXResourcesBuildPhase;
			buildActionMask = 2147483647;
			files = (
				4D062FA72D34033300051229 /* Preview Assets.xcassets in Resources */,
				4D41614A2D3526BB0055CF77 /* KantumruyPro-Italic-VariableFont_wght.ttf in Resources */,
				4D41614B2D3526BD0055CF77 /* KantumruyPro-VariableFont_wght.ttf in Resources */,
				4D062FA42D34033300051229 /* Assets.xcassets in Resources */,
			);
			runOnlyForDeploymentPostprocessing = 0;
		};
		4D062FAA2D34033300051229 /* Resources */ = {
			isa = PBXResourcesBuildPhase;
			buildActionMask = 2147483647;
			files = (
			);
			runOnlyForDeploymentPostprocessing = 0;
		};
		4D062FB42D34033300051229 /* Resources */ = {
			isa = PBXResourcesBuildPhase;
			buildActionMask = 2147483647;
			files = (
			);
			runOnlyForDeploymentPostprocessing = 0;
		};
/* End PBXResourcesBuildPhase section */

/* Begin PBXSourcesBuildPhase section */
		4D062F982D34033100051229 /* Sources */ = {
			isa = PBXSourcesBuildPhase;
			buildActionMask = 2147483647;
			files = (
				4D062FCC2D34125D00051229 /* Font.swift in Sources */,
				4D062FE32D35191300051229 /* CountDown.swift in Sources */,
				4D062FD22D34137500051229 /* Service.swift in Sources */,
				4D41614F2D356CC10055CF77 /* Candidate.swift in Sources */,
				4D062FDD2D350FCD00051229 /* VoteView.swift in Sources */,
				4D062FE52D35193E00051229 /* VoteViewModel.swift in Sources */,
				4D062FA22D34033100051229 /* MainView.swift in Sources */,
				4D062FA02D34033100051229 /* union_mobileApp.swift in Sources */,
				4D41614D2D356BE80055CF77 /* CandidateCard.swift in Sources */,
				4D062FE12D35176C00051229 /* QueenImageView.swift in Sources */,
				4D062FCA2D3407FF00051229 /* Color.swift in Sources */,
				4D062FD02D34134800051229 /* Path.swift in Sources */,
				4D062FDF2D35171E00051229 /* EarthImageView.swift in Sources */,
				4D062FCE2D3412EB00051229 /* DefaultView.swift in Sources */,
				4D062FE72D351C9600051229 /* TimeCard.swift in Sources */,
			);
			runOnlyForDeploymentPostprocessing = 0;
		};
		4D062FA82D34033300051229 /* Sources */ = {
			isa = PBXSourcesBuildPhase;
			buildActionMask = 2147483647;
			files = (
				4D062FB12D34033300051229 /* union_mobileTests.swift in Sources */,
			);
			runOnlyForDeploymentPostprocessing = 0;
		};
		4D062FB22D34033300051229 /* Sources */ = {
			isa = PBXSourcesBuildPhase;
			buildActionMask = 2147483647;
			files = (
				4D062FBD2D34033300051229 /* union_mobileUITestsLaunchTests.swift in Sources */,
				4D062FBB2D34033300051229 /* union_mobileUITests.swift in Sources */,
			);
			runOnlyForDeploymentPostprocessing = 0;
		};
/* End PBXSourcesBuildPhase section */

/* Begin PBXTargetDependency section */
		4D062FAE2D34033300051229 /* PBXTargetDependency */ = {
			isa = PBXTargetDependency;
			target = 4D062F9B2D34033100051229 /* union_mobile */;
			targetProxy = 4D062FAD2D34033300051229 /* PBXContainerItemProxy */;
		};
		4D062FB82D34033300051229 /* PBXTargetDependency */ = {
			isa = PBXTargetDependency;
			target = 4D062F9B2D34033100051229 /* union_mobile */;
			targetProxy = 4D062FB72D34033300051229 /* PBXContainerItemProxy */;
		};
/* End PBXTargetDependency section */

/* Begin XCBuildConfiguration section */
		4D062FBE2D34033300051229 /* Debug */ = {
			isa = XCBuildConfiguration;
			buildSettings = {
				ALWAYS_SEARCH_USER_PATHS = NO;
				ASSETCATALOG_COMPILER_GENERATE_SWIFT_ASSET_SYMBOL_EXTENSIONS = YES;
				CLANG_ANALYZER_NONNULL = YES;
				CLANG_ANALYZER_NUMBER_OBJECT_CONVERSION = YES_AGGRESSIVE;
				CLANG_CXX_LANGUAGE_STANDARD = "gnu++20";
				CLANG_ENABLE_MODULES = YES;
				CLANG_ENABLE_OBJC_ARC = YES;
				CLANG_ENABLE_OBJC_WEAK = YES;
				CLANG_WARN_BLOCK_CAPTURE_AUTORELEASING = YES;
				CLANG_WARN_BOOL_CONVERSION = YES;
				CLANG_WARN_COMMA = YES;
				CLANG_WARN_CONSTANT_CONVERSION = YES;
				CLANG_WARN_DEPRECATED_OBJC_IMPLEMENTATIONS = YES;
				CLANG_WARN_DIRECT_OBJC_ISA_USAGE = YES_ERROR;
				CLANG_WARN_DOCUMENTATION_COMMENTS = YES;
				CLANG_WARN_EMPTY_BODY = YES;
				CLANG_WARN_ENUM_CONVERSION = YES;
				CLANG_WARN_INFINITE_RECURSION = YES;
				CLANG_WARN_INT_CONVERSION = YES;
				CLANG_WARN_NON_LITERAL_NULL_CONVERSION = YES;
				CLANG_WARN_OBJC_IMPLICIT_RETAIN_SELF = YES;
				CLANG_WARN_OBJC_LITERAL_CONVERSION = YES;
				CLANG_WARN_OBJC_ROOT_CLASS = YES_ERROR;
				CLANG_WARN_QUOTED_INCLUDE_IN_FRAMEWORK_HEADER = YES;
				CLANG_WARN_RANGE_LOOP_ANALYSIS = YES;
				CLANG_WARN_STRICT_PROTOTYPES = YES;
				CLANG_WARN_SUSPICIOUS_MOVE = YES;
				CLANG_WARN_UNGUARDED_AVAILABILITY = YES_AGGRESSIVE;
				CLANG_WARN_UNREACHABLE_CODE = YES;
				CLANG_WARN__DUPLICATE_METHOD_MATCH = YES;
				COPY_PHASE_STRIP = NO;
				DEBUG_INFORMATION_FORMAT = dwarf;
				ENABLE_STRICT_OBJC_MSGSEND = YES;
				ENABLE_TESTABILITY = YES;
				ENABLE_USER_SCRIPT_SANDBOXING = YES;
				GCC_C_LANGUAGE_STANDARD = gnu17;
				GCC_DYNAMIC_NO_PIC = NO;
				GCC_NO_COMMON_BLOCKS = YES;
				GCC_OPTIMIZATION_LEVEL = 0;
				GCC_PREPROCESSOR_DEFINITIONS = (
					"DEBUG=1",
					"$(inherited)",
				);
				GCC_WARN_64_TO_32_BIT_CONVERSION = YES;
				GCC_WARN_ABOUT_RETURN_TYPE = YES_ERROR;
				GCC_WARN_UNDECLARED_SELECTOR = YES;
				GCC_WARN_UNINITIALIZED_AUTOS = YES_AGGRESSIVE;
				GCC_WARN_UNUSED_FUNCTION = YES;
				GCC_WARN_UNUSED_VARIABLE = YES;
				IPHONEOS_DEPLOYMENT_TARGET = 15.0;
				LOCALIZATION_PREFERS_STRING_CATALOGS = YES;
				MTL_ENABLE_DEBUG_INFO = INCLUDE_SOURCE;
				MTL_FAST_MATH = YES;
				ONLY_ACTIVE_ARCH = YES;
				SDKROOT = iphoneos;
				SWIFT_ACTIVE_COMPILATION_CONDITIONS = "DEBUG $(inherited)";
				SWIFT_OPTIMIZATION_LEVEL = "-Onone";
			};
			name = Debug;
		};
		4D062FBF2D34033300051229 /* Release */ = {
			isa = XCBuildConfiguration;
			buildSettings = {
				ALWAYS_SEARCH_USER_PATHS = NO;
				ASSETCATALOG_COMPILER_GENERATE_SWIFT_ASSET_SYMBOL_EXTENSIONS = YES;
				CLANG_ANALYZER_NONNULL = YES;
				CLANG_ANALYZER_NUMBER_OBJECT_CONVERSION = YES_AGGRESSIVE;
				CLANG_CXX_LANGUAGE_STANDARD = "gnu++20";
				CLANG_ENABLE_MODULES = YES;
				CLANG_ENABLE_OBJC_ARC = YES;
				CLANG_ENABLE_OBJC_WEAK = YES;
				CLANG_WARN_BLOCK_CAPTURE_AUTORELEASING = YES;
				CLANG_WARN_BOOL_CONVERSION = YES;
				CLANG_WARN_COMMA = YES;
				CLANG_WARN_CONSTANT_CONVERSION = YES;
				CLANG_WARN_DEPRECATED_OBJC_IMPLEMENTATIONS = YES;
				CLANG_WARN_DIRECT_OBJC_ISA_USAGE = YES_ERROR;
				CLANG_WARN_DOCUMENTATION_COMMENTS = YES;
				CLANG_WARN_EMPTY_BODY = YES;
				CLANG_WARN_ENUM_CONVERSION = YES;
				CLANG_WARN_INFINITE_RECURSION = YES;
				CLANG_WARN_INT_CONVERSION = YES;
				CLANG_WARN_NON_LITERAL_NULL_CONVERSION = YES;
				CLANG_WARN_OBJC_IMPLICIT_RETAIN_SELF = YES;
				CLANG_WARN_OBJC_LITERAL_CONVERSION = YES;
				CLANG_WARN_OBJC_ROOT_CLASS = YES_ERROR;
				CLANG_WARN_QUOTED_INCLUDE_IN_FRAMEWORK_HEADER = YES;
				CLANG_WARN_RANGE_LOOP_ANALYSIS = YES;
				CLANG_WARN_STRICT_PROTOTYPES = YES;
				CLANG_WARN_SUSPICIOUS_MOVE = YES;
				CLANG_WARN_UNGUARDED_AVAILABILITY = YES_AGGRESSIVE;
				CLANG_WARN_UNREACHABLE_CODE = YES;
				CLANG_WARN__DUPLICATE_METHOD_MATCH = YES;
				COPY_PHASE_STRIP = NO;
				DEBUG_INFORMATION_FORMAT = "dwarf-with-dsym";
				ENABLE_NS_ASSERTIONS = NO;
				ENABLE_STRICT_OBJC_MSGSEND = YES;
				ENABLE_USER_SCRIPT_SANDBOXING = YES;
				GCC_C_LANGUAGE_STANDARD = gnu17;
				GCC_NO_COMMON_BLOCKS = YES;
				GCC_WARN_64_TO_32_BIT_CONVERSION = YES;
				GCC_WARN_ABOUT_RETURN_TYPE = YES_ERROR;
				GCC_WARN_UNDECLARED_SELECTOR = YES;
				GCC_WARN_UNINITIALIZED_AUTOS = YES_AGGRESSIVE;
				GCC_WARN_UNUSED_FUNCTION = YES;
				GCC_WARN_UNUSED_VARIABLE = YES;
				IPHONEOS_DEPLOYMENT_TARGET = 15.0;
				LOCALIZATION_PREFERS_STRING_CATALOGS = YES;
				MTL_ENABLE_DEBUG_INFO = NO;
				MTL_FAST_MATH = YES;
				SDKROOT = iphoneos;
				SWIFT_COMPILATION_MODE = wholemodule;
				VALIDATE_PRODUCT = YES;
			};
			name = Release;
		};
		4D062FC12D34033300051229 /* Debug */ = {
			isa = XCBuildConfiguration;
			buildSettings = {
				ASSETCATALOG_COMPILER_APPICON_NAME = AppIcon;
				ASSETCATALOG_COMPILER_GLOBAL_ACCENT_COLOR_NAME = AccentColor;
				CODE_SIGN_STYLE = Automatic;
				CURRENT_PROJECT_VERSION = 1;
				DEVELOPMENT_ASSET_PATHS = "\"union_mobile/Preview Content\"";
				DEVELOPMENT_TEAM = DSRQ5VPU2Y;
				ENABLE_PREVIEWS = YES;
				GENERATE_INFOPLIST_FILE = YES;
				INFOPLIST_FILE = "union-mobile-Info.plist";
				INFOPLIST_KEY_UIApplicationSceneManifest_Generation = YES;
				INFOPLIST_KEY_UIApplicationSupportsIndirectInputEvents = YES;
				INFOPLIST_KEY_UILaunchScreen_Generation = YES;
				INFOPLIST_KEY_UISupportedInterfaceOrientations_iPad = "UIInterfaceOrientationPortrait UIInterfaceOrientationPortraitUpsideDown UIInterfaceOrientationLandscapeLeft UIInterfaceOrientationLandscapeRight";
				INFOPLIST_KEY_UISupportedInterfaceOrientations_iPhone = "UIInterfaceOrientationPortrait UIInterfaceOrientationLandscapeLeft UIInterfaceOrientationLandscapeRight";
				IPHONEOS_DEPLOYMENT_TARGET = 15.0;
				LD_RUNPATH_SEARCH_PATHS = (
					"$(inherited)",
					"@executable_path/Frameworks",
				);
				MARKETING_VERSION = 1.0;
				PRODUCT_BUNDLE_IDENTIFIER = "com.rayoung.union-mobile";
				PRODUCT_NAME = "$(TARGET_NAME)";
				SWIFT_EMIT_LOC_STRINGS = YES;
				SWIFT_VERSION = 5.0;
				TARGETED_DEVICE_FAMILY = "1,2";
			};
			name = Debug;
		};
		4D062FC22D34033300051229 /* Release */ = {
			isa = XCBuildConfiguration;
			buildSettings = {
				ASSETCATALOG_COMPILER_APPICON_NAME = AppIcon;
				ASSETCATALOG_COMPILER_GLOBAL_ACCENT_COLOR_NAME = AccentColor;
				CODE_SIGN_STYLE = Automatic;
				CURRENT_PROJECT_VERSION = 1;
				DEVELOPMENT_ASSET_PATHS = "\"union_mobile/Preview Content\"";
				DEVELOPMENT_TEAM = DSRQ5VPU2Y;
				ENABLE_PREVIEWS = YES;
				GENERATE_INFOPLIST_FILE = YES;
				INFOPLIST_FILE = "union-mobile-Info.plist";
				INFOPLIST_KEY_UIApplicationSceneManifest_Generation = YES;
				INFOPLIST_KEY_UIApplicationSupportsIndirectInputEvents = YES;
				INFOPLIST_KEY_UILaunchScreen_Generation = YES;
				INFOPLIST_KEY_UISupportedInterfaceOrientations_iPad = "UIInterfaceOrientationPortrait UIInterfaceOrientationPortraitUpsideDown UIInterfaceOrientationLandscapeLeft UIInterfaceOrientationLandscapeRight";
				INFOPLIST_KEY_UISupportedInterfaceOrientations_iPhone = "UIInterfaceOrientationPortrait UIInterfaceOrientationLandscapeLeft UIInterfaceOrientationLandscapeRight";
				IPHONEOS_DEPLOYMENT_TARGET = 15.0;
				LD_RUNPATH_SEARCH_PATHS = (
					"$(inherited)",
					"@executable_path/Frameworks",
				);
				MARKETING_VERSION = 1.0;
				PRODUCT_BUNDLE_IDENTIFIER = "com.rayoung.union-mobile";
				PRODUCT_NAME = "$(TARGET_NAME)";
				SWIFT_EMIT_LOC_STRINGS = YES;
				SWIFT_VERSION = 5.0;
				TARGETED_DEVICE_FAMILY = "1,2";
			};
			name = Release;
		};
		4D062FC42D34033300051229 /* Debug */ = {
			isa = XCBuildConfiguration;
			buildSettings = {
				ALWAYS_EMBED_SWIFT_STANDARD_LIBRARIES = YES;
				BUNDLE_LOADER = "$(TEST_HOST)";
				CODE_SIGN_STYLE = Automatic;
				CURRENT_PROJECT_VERSION = 1;
				DEVELOPMENT_TEAM = DSRQ5VPU2Y;
				GENERATE_INFOPLIST_FILE = YES;
				IPHONEOS_DEPLOYMENT_TARGET = 17.2;
				MARKETING_VERSION = 1.0;
				PRODUCT_BUNDLE_IDENTIFIER = "com.rayoung.union-mobileTests";
				PRODUCT_NAME = "$(TARGET_NAME)";
				SWIFT_EMIT_LOC_STRINGS = NO;
				SWIFT_VERSION = 5.0;
				TARGETED_DEVICE_FAMILY = "1,2";
				TEST_HOST = "$(BUILT_PRODUCTS_DIR)/union_mobile.app/$(BUNDLE_EXECUTABLE_FOLDER_PATH)/union_mobile";
			};
			name = Debug;
		};
		4D062FC52D34033300051229 /* Release */ = {
			isa = XCBuildConfiguration;
			buildSettings = {
				ALWAYS_EMBED_SWIFT_STANDARD_LIBRARIES = YES;
				BUNDLE_LOADER = "$(TEST_HOST)";
				CODE_SIGN_STYLE = Automatic;
				CURRENT_PROJECT_VERSION = 1;
				DEVELOPMENT_TEAM = DSRQ5VPU2Y;
				GENERATE_INFOPLIST_FILE = YES;
				IPHONEOS_DEPLOYMENT_TARGET = 17.2;
				MARKETING_VERSION = 1.0;
				PRODUCT_BUNDLE_IDENTIFIER = "com.rayoung.union-mobileTests";
				PRODUCT_NAME = "$(TARGET_NAME)";
				SWIFT_EMIT_LOC_STRINGS = NO;
				SWIFT_VERSION = 5.0;
				TARGETED_DEVICE_FAMILY = "1,2";
				TEST_HOST = "$(BUILT_PRODUCTS_DIR)/union_mobile.app/$(BUNDLE_EXECUTABLE_FOLDER_PATH)/union_mobile";
			};
			name = Release;
		};
		4D062FC72D34033300051229 /* Debug */ = {
			isa = XCBuildConfiguration;
			buildSettings = {
				ALWAYS_EMBED_SWIFT_STANDARD_LIBRARIES = YES;
				CODE_SIGN_STYLE = Automatic;
				CURRENT_PROJECT_VERSION = 1;
				DEVELOPMENT_TEAM = DSRQ5VPU2Y;
				GENERATE_INFOPLIST_FILE = YES;
				MARKETING_VERSION = 1.0;
				PRODUCT_BUNDLE_IDENTIFIER = "com.rayoung.union-mobileUITests";
				PRODUCT_NAME = "$(TARGET_NAME)";
				SWIFT_EMIT_LOC_STRINGS = NO;
				SWIFT_VERSION = 5.0;
				TARGETED_DEVICE_FAMILY = "1,2";
				TEST_TARGET_NAME = union_mobile;
			};
			name = Debug;
		};
		4D062FC82D34033300051229 /* Release */ = {
			isa = XCBuildConfiguration;
			buildSettings = {
				ALWAYS_EMBED_SWIFT_STANDARD_LIBRARIES = YES;
				CODE_SIGN_STYLE = Automatic;
				CURRENT_PROJECT_VERSION = 1;
				DEVELOPMENT_TEAM = DSRQ5VPU2Y;
				GENERATE_INFOPLIST_FILE = YES;
				MARKETING_VERSION = 1.0;
				PRODUCT_BUNDLE_IDENTIFIER = "com.rayoung.union-mobileUITests";
				PRODUCT_NAME = "$(TARGET_NAME)";
				SWIFT_EMIT_LOC_STRINGS = NO;
				SWIFT_VERSION = 5.0;
				TARGETED_DEVICE_FAMILY = "1,2";
				TEST_TARGET_NAME = union_mobile;
			};
			name = Release;
		};
/* End XCBuildConfiguration section */

/* Begin XCConfigurationList section */
		4D062F972D34033100051229 /* Build configuration list for PBXProject "union_mobile" */ = {
			isa = XCConfigurationList;
			buildConfigurations = (
				4D062FBE2D34033300051229 /* Debug */,
				4D062FBF2D34033300051229 /* Release */,
			);
			defaultConfigurationIsVisible = 0;
			defaultConfigurationName = Release;
		};
		4D062FC02D34033300051229 /* Build configuration list for PBXNativeTarget "union_mobile" */ = {
			isa = XCConfigurationList;
			buildConfigurations = (
				4D062FC12D34033300051229 /* Debug */,
				4D062FC22D34033300051229 /* Release */,
			);
			defaultConfigurationIsVisible = 0;
			defaultConfigurationName = Release;
		};
		4D062FC32D34033300051229 /* Build configuration list for PBXNativeTarget "union_mobileTests" */ = {
			isa = XCConfigurationList;
			buildConfigurations = (
				4D062FC42D34033300051229 /* Debug */,
				4D062FC52D34033300051229 /* Release */,
			);
			defaultConfigurationIsVisible = 0;
			defaultConfigurationName = Release;
		};
		4D062FC62D34033300051229 /* Build configuration list for PBXNativeTarget "union_mobileUITests" */ = {
			isa = XCConfigurationList;
			buildConfigurations = (
				4D062FC72D34033300051229 /* Debug */,
				4D062FC82D34033300051229 /* Release */,
			);
			defaultConfigurationIsVisible = 0;
			defaultConfigurationName = Release;
		};
/* End XCConfigurationList section */

/* Begin XCRemoteSwiftPackageReference section */
		4D4161502D3578AE0055CF77 /* XCRemoteSwiftPackageReference "Kingfisher" */ = {
			isa = XCRemoteSwiftPackageReference;
			repositoryURL = "https://github.com/onevcat/Kingfisher.git";
			requirement = {
				kind = upToNextMajorVersion;
				minimumVersion = 8.1.3;
			};
		};
/* End XCRemoteSwiftPackageReference section */

/* Begin XCSwiftPackageProductDependency section */
		4D4161512D3578AE0055CF77 /* Kingfisher */ = {
			isa = XCSwiftPackageProductDependency;
			package = 4D4161502D3578AE0055CF77 /* XCRemoteSwiftPackageReference "Kingfisher" */;
			productName = Kingfisher;
		};
/* End XCSwiftPackageProductDependency section */
	};
	rootObject = 4D062F942D34033100051229 /* Project object */;
}
